
Microsoft Visual Studio Solution File, Format Version 12.00
# Visual Studio Version 16
VisualStudioVersion = 16.0.30907.101
MinimumVisualStudioVersion = 10.0.40219.1
Project("{FAE04EC0-301F-11D3-BF4B-00C04F79EFBC}") = "YoutubeBackingTracks", "YoutubeBackingTracks\YoutubeBackingTracks.csproj", "{B6BB216B-0C03-4DCF-9296-425E93840617}"
EndProject
Global
	GlobalSection(SolutionConfigurationPlatforms) = preSolution
		Debug|Any CPU = Debug|Any CPU
		Debug|x64 = Debug|x64
		Release|Any CPU = Release|Any CPU
		Release|x64 = Release|x64
	EndGlobalSection
	GlobalSection(ProjectConfigurationPlatforms) = postSolution
		{B6BB216B-0C03-4DCF-9296-425E93840617}.Debug|Any CPU.ActiveCfg = Debug|Any CPU
		{B6BB216B-0C03-4DCF-9296-425E93840617}.Debug|Any CPU.Build.0 = Debug|Any CPU
		{B6BB216B-0C03-4DCF-9296-425E93840617}.Debug|x64.ActiveCfg = Debug|x64
		{B6BB216B-0C03-4DCF-9296-425E93840617}.Debug|x64.Build.0 = Debug|x64
		{B6BB216B-0C03-4DCF-9296-425E93840617}.Release|Any CPU.ActiveCfg = Release|Any CPU
		{B6BB216B-0C03-4DCF-9296-425E93840617}.Release|Any CPU.Build.0 = Release|Any CPU
		{B6BB216B-0C03-4DCF-9296-425E93840617}.Release|x64.ActiveCfg = Release|x64
		{B6BB216B-0C03-4DCF-9296-425E93840617}.Release|x64.Build.0 = Release|x64
	EndGlobalSection
	GlobalSection(SolutionProperties) = preSolution
		HideSolutionNode = FALSE
	EndGlobalSection
	GlobalSection(ExtensibilityGlobals) = postSolution
		SolutionGuid = {5DB7E4A3-6309-4148-935A-01D4597C32A6}
	EndGlobalSection
EndGlobal
